
Microsoft Visual Studio Solution File, Format Version 12.00
# Visual Studio Version 17
VisualStudioVersion = 17.14.36301.6
MinimumVisualStudioVersion = 10.0.40219.1
Project("{8BC9CEB8-8B4A-11D0-8D11-00A0C91BC942}") = "hello world", "hello world\hello world.vcxproj", "{742F9587-207B-4FF6-8032-2767C6803591}"
EndProject
Project("{8BC9CEB8-8B4A-11D0-8D11-00A0C91BC942}") = "hello world2", "hello world2\hello world2.vcxproj", "{F5492542-F654-4016-BB27-C0282A5F38BC}"
EndProject
Project("{8BC9CEB8-8B4A-11D0-8D11-00A0C91BC942}") = "카운트 다운", "카운트 다운\카운트 다운.vcxproj", "{1E482E02-3541-4582-9CF4-C0D698A01D75}"
EndProject
Project("{8BC9CEB8-8B4A-11D0-8D11-00A0C91BC942}") = "버스", "버스\버스.vcxproj", "{5DAF5370-6DC3-4806-8C7C-9217518CA67E}"
EndProject
Project("{8BC9CEB8-8B4A-11D0-8D11-00A0C91BC942}") = "A 강조하기", "A 강조하기\A 강조하기.vcxproj", "{720DAE7D-96DE-4FF1-8085-0BC36E478F3C}"
EndProject
Project("{8BC9CEB8-8B4A-11D0-8D11-00A0C91BC942}") = "부분 문자열", "부분 문자열\부분 문자열.vcxproj", "{A2337972-32F2-441B-B98D-B8DCFD79F265}"
EndProject
Project("{8BC9CEB8-8B4A-11D0-8D11-00A0C91BC942}") = "뒤에서 5등 위로", "뒤에서 5등 위로\뒤에서 5등 위로.vcxproj", "{411977D9-662C-44F7-90AD-22567D27EF8C}"
EndProject
Project("{8BC9CEB8-8B4A-11D0-8D11-00A0C91BC942}") = "가까운 1 찾기", "가까운 1 찾기\가까운 1 찾기.vcxproj", "{43531B22-F7F1-4177-9802-85A7E0FABF45}"
EndProject
Project("{8BC9CEB8-8B4A-11D0-8D11-00A0C91BC942}") = "달리기 경주", "달리기 경주\달리기 경주.vcxproj", "{BCCD37C1-28FE-4850-822E-32FD768A6F87}"
EndProject
Project("{8BC9CEB8-8B4A-11D0-8D11-00A0C91BC942}") = "두개 뽑아서 더하기", "두개 뽑아서 더하기\두개 뽑아서 더하기.vcxproj", "{47D8CAF0-6FD1-4103-9ACB-ED428144F860}"
EndProject
Project("{8BC9CEB8-8B4A-11D0-8D11-00A0C91BC942}") = "덧칠하기", "덧칠하기\덧칠하기.vcxproj", "{F4E85B2A-4EA5-4E89-AA6F-0EB055C2F075}"
EndProject
Project("{8BC9CEB8-8B4A-11D0-8D11-00A0C91BC942}") = "추억점수", "추억점수\추억점수.vcxproj", "{662BB690-E34C-47B5-A79B-165947E21D23}"
EndProject
Project("{8BC9CEB8-8B4A-11D0-8D11-00A0C91BC942}") = "최소 직사각형", "최소 직사각형\최소 직사각형.vcxproj", "{33CB5BBA-26C3-4392-B8E9-07A23855C6A6}"
EndProject
Project("{8BC9CEB8-8B4A-11D0-8D11-00A0C91BC942}") = "성격유형 검사하기", "성격유형 검사하기\성격유형 검사하기.vcxproj", "{ED394017-FCC0-44C4-B280-34F41441764C}"
EndProject
Project("{8BC9CEB8-8B4A-11D0-8D11-00A0C91BC942}") = "휴대폰 번호 가리기", "휴대폰 번호 가리기\휴대폰 번호 가리기.vcxproj", "{9A2D6EE0-742E-4CDC-88CB-4033A089787A}"
EndProject
Project("{8BC9CEB8-8B4A-11D0-8D11-00A0C91BC942}") = "수포자", "수포자\수포자.vcxproj", "{00EA3991-2E8A-44B8-8D93-0852BC56C7CB}"
EndProject
Project("{8BC9CEB8-8B4A-11D0-8D11-00A0C91BC942}") = "과일 장수", "과일 장수\과일 장수.vcxproj", "{A8C10C57-B05D-44E2-8D2F-17CF7B8449BB}"
EndProject
Project("{8BC9CEB8-8B4A-11D0-8D11-00A0C91BC942}") = "옹알이(2)", "옹알이(2)\옹알이(2).vcxproj", "{7A20E9F6-69AD-4977-85F4-45DC9D3F4B3B}"
EndProject
Project("{8BC9CEB8-8B4A-11D0-8D11-00A0C91BC942}") = "음양 더하기", "음양 더하기\음양 더하기.vcxproj", "{16559302-47FF-46FC-846D-6D1093CB7B2D}"
EndProject
Project("{8BC9CEB8-8B4A-11D0-8D11-00A0C91BC942}") = "완전범죄", "완전범죄\완전범죄.vcxproj", "{5C786CB5-83A9-4BB1-9DA1-EB21897B218A}"
EndProject
Project("{8BC9CEB8-8B4A-11D0-8D11-00A0C91BC942}") = "서버증설", "서버증설\서버증설.vcxproj", "{62F48A2B-B2FA-461D-B31E-E18C3C3CA39E}"
EndProject
Global
	GlobalSection(SolutionConfigurationPlatforms) = preSolution
		Debug|x64 = Debug|x64
		Debug|x86 = Debug|x86
		Release|x64 = Release|x64
		Release|x86 = Release|x86
	EndGlobalSection
	GlobalSection(ProjectConfigurationPlatforms) = postSolution
		{742F9587-207B-4FF6-8032-2767C6803591}.Debug|x64.ActiveCfg = Debug|x64
		{742F9587-207B-4FF6-8032-2767C6803591}.Debug|x64.Build.0 = Debug|x64
		{742F9587-207B-4FF6-8032-2767C6803591}.Debug|x86.ActiveCfg = Debug|Win32
		{742F9587-207B-4FF6-8032-2767C6803591}.Debug|x86.Build.0 = Debug|Win32
		{742F9587-207B-4FF6-8032-2767C6803591}.Release|x64.ActiveCfg = Release|x64
		{742F9587-207B-4FF6-8032-2767C6803591}.Release|x64.Build.0 = Release|x64
		{742F9587-207B-4FF6-8032-2767C6803591}.Release|x86.ActiveCfg = Release|Win32
		{742F9587-207B-4FF6-8032-2767C6803591}.Release|x86.Build.0 = Release|Win32
		{F5492542-F654-4016-BB27-C0282A5F38BC}.Debug|x64.ActiveCfg = Debug|x64
		{F5492542-F654-4016-BB27-C0282A5F38BC}.Debug|x64.Build.0 = Debug|x64
		{F5492542-F654-4016-BB27-C0282A5F38BC}.Debug|x86.ActiveCfg = Debug|Win32
		{F5492542-F654-4016-BB27-C0282A5F38BC}.Debug|x86.Build.0 = Debug|Win32
		{F5492542-F654-4016-BB27-C0282A5F38BC}.Release|x64.ActiveCfg = Release|x64
		{F5492542-F654-4016-BB27-C0282A5F38BC}.Release|x64.Build.0 = Release|x64
		{F5492542-F654-4016-BB27-C0282A5F38BC}.Release|x86.ActiveCfg = Release|Win32
		{F5492542-F654-4016-BB27-C0282A5F38BC}.Release|x86.Build.0 = Release|Win32
		{1E482E02-3541-4582-9CF4-C0D698A01D75}.Debug|x64.ActiveCfg = Debug|x64
		{1E482E02-3541-4582-9CF4-C0D698A01D75}.Debug|x64.Build.0 = Debug|x64
		{1E482E02-3541-4582-9CF4-C0D698A01D75}.Debug|x86.ActiveCfg = Debug|Win32
		{1E482E02-3541-4582-9CF4-C0D698A01D75}.Debug|x86.Build.0 = Debug|Win32
		{1E482E02-3541-4582-9CF4-C0D698A01D75}.Release|x64.ActiveCfg = Release|x64
		{1E482E02-3541-4582-9CF4-C0D698A01D75}.Release|x64.Build.0 = Release|x64
		{1E482E02-3541-4582-9CF4-C0D698A01D75}.Release|x86.ActiveCfg = Release|Win32
		{1E482E02-3541-4582-9CF4-C0D698A01D75}.Release|x86.Build.0 = Release|Win32
		{5DAF5370-6DC3-4806-8C7C-9217518CA67E}.Debug|x64.ActiveCfg = Debug|x64
		{5DAF5370-6DC3-4806-8C7C-9217518CA67E}.Debug|x64.Build.0 = Debug|x64
		{5DAF5370-6DC3-4806-8C7C-9217518CA67E}.Debug|x86.ActiveCfg = Debug|Win32
		{5DAF5370-6DC3-4806-8C7C-9217518CA67E}.Debug|x86.Build.0 = Debug|Win32
		{5DAF5370-6DC3-4806-8C7C-9217518CA67E}.Release|x64.ActiveCfg = Release|x64
		{5DAF5370-6DC3-4806-8C7C-9217518CA67E}.Release|x64.Build.0 = Release|x64
		{5DAF5370-6DC3-4806-8C7C-9217518CA67E}.Release|x86.ActiveCfg = Release|Win32
		{5DAF5370-6DC3-4806-8C7C-9217518CA67E}.Release|x86.Build.0 = Release|Win32
		{720DAE7D-96DE-4FF1-8085-0BC36E478F3C}.Debug|x64.ActiveCfg = Debug|x64
		{720DAE7D-96DE-4FF1-8085-0BC36E478F3C}.Debug|x64.Build.0 = Debug|x64
		{720DAE7D-96DE-4FF1-8085-0BC36E478F3C}.Debug|x86.ActiveCfg = Debug|Win32
		{720DAE7D-96DE-4FF1-8085-0BC36E478F3C}.Debug|x86.Build.0 = Debug|Win32
		{720DAE7D-96DE-4FF1-8085-0BC36E478F3C}.Release|x64.ActiveCfg = Release|x64
		{720DAE7D-96DE-4FF1-8085-0BC36E478F3C}.Release|x64.Build.0 = Release|x64
		{720DAE7D-96DE-4FF1-8085-0BC36E478F3C}.Release|x86.ActiveCfg = Release|Win32
		{720DAE7D-96DE-4FF1-8085-0BC36E478F3C}.Release|x86.Build.0 = Release|Win32
		{A2337972-32F2-441B-B98D-B8DCFD79F265}.Debug|x64.ActiveCfg = Debug|x64
		{A2337972-32F2-441B-B98D-B8DCFD79F265}.Debug|x64.Build.0 = Debug|x64
		{A2337972-32F2-441B-B98D-B8DCFD79F265}.Debug|x86.ActiveCfg = Debug|Win32
		{A2337972-32F2-441B-B98D-B8DCFD79F265}.Debug|x86.Build.0 = Debug|Win32
		{A2337972-32F2-441B-B98D-B8DCFD79F265}.Release|x64.ActiveCfg = Release|x64
		{A2337972-32F2-441B-B98D-B8DCFD79F265}.Release|x64.Build.0 = Release|x64
		{A2337972-32F2-441B-B98D-B8DCFD79F265}.Release|x86.ActiveCfg = Release|Win32
		{A2337972-32F2-441B-B98D-B8DCFD79F265}.Release|x86.Build.0 = Release|Win32
		{411977D9-662C-44F7-90AD-22567D27EF8C}.Debug|x64.ActiveCfg = Debug|x64
		{411977D9-662C-44F7-90AD-22567D27EF8C}.Debug|x64.Build.0 = Debug|x64
		{411977D9-662C-44F7-90AD-22567D27EF8C}.Debug|x86.ActiveCfg = Debug|Win32
		{411977D9-662C-44F7-90AD-22567D27EF8C}.Debug|x86.Build.0 = Debug|Win32
		{411977D9-662C-44F7-90AD-22567D27EF8C}.Release|x64.ActiveCfg = Release|x64
		{411977D9-662C-44F7-90AD-22567D27EF8C}.Release|x64.Build.0 = Release|x64
		{411977D9-662C-44F7-90AD-22567D27EF8C}.Release|x86.ActiveCfg = Release|Win32
		{411977D9-662C-44F7-90AD-22567D27EF8C}.Release|x86.Build.0 = Release|Win32
		{43531B22-F7F1-4177-9802-85A7E0FABF45}.Debug|x64.ActiveCfg = Debug|x64
		{43531B22-F7F1-4177-9802-85A7E0FABF45}.Debug|x64.Build.0 = Debug|x64
		{43531B22-F7F1-4177-9802-85A7E0FABF45}.Debug|x86.ActiveCfg = Debug|Win32
		{43531B22-F7F1-4177-9802-85A7E0FABF45}.Debug|x86.Build.0 = Debug|Win32
		{43531B22-F7F1-4177-9802-85A7E0FABF45}.Release|x64.ActiveCfg = Release|x64
		{43531B22-F7F1-4177-9802-85A7E0FABF45}.Release|x64.Build.0 = Release|x64
		{43531B22-F7F1-4177-9802-85A7E0FABF45}.Release|x86.ActiveCfg = Release|Win32
		{43531B22-F7F1-4177-9802-85A7E0FABF45}.Release|x86.Build.0 = Release|Win32
		{BCCD37C1-28FE-4850-822E-32FD768A6F87}.Debug|x64.ActiveCfg = Debug|x64
		{BCCD37C1-28FE-4850-822E-32FD768A6F87}.Debug|x64.Build.0 = Debug|x64
		{BCCD37C1-28FE-4850-822E-32FD768A6F87}.Debug|x86.ActiveCfg = Debug|Win32
		{BCCD37C1-28FE-4850-822E-32FD768A6F87}.Debug|x86.Build.0 = Debug|Win32
		{BCCD37C1-28FE-4850-822E-32FD768A6F87}.Release|x64.ActiveCfg = Release|x64
		{BCCD37C1-28FE-4850-822E-32FD768A6F87}.Release|x64.Build.0 = Release|x64
		{BCCD37C1-28FE-4850-822E-32FD768A6F87}.Release|x86.ActiveCfg = Release|Win32
		{BCCD37C1-28FE-4850-822E-32FD768A6F87}.Release|x86.Build.0 = Release|Win32
		{47D8CAF0-6FD1-4103-9ACB-ED428144F860}.Debug|x64.ActiveCfg = Debug|x64
		{47D8CAF0-6FD1-4103-9ACB-ED428144F860}.Debug|x64.Build.0 = Debug|x64
		{47D8CAF0-6FD1-4103-9ACB-ED428144F860}.Debug|x86.ActiveCfg = Debug|Win32
		{47D8CAF0-6FD1-4103-9ACB-ED428144F860}.Debug|x86.Build.0 = Debug|Win32
		{47D8CAF0-6FD1-4103-9ACB-ED428144F860}.Release|x64.ActiveCfg = Release|x64
		{47D8CAF0-6FD1-4103-9ACB-ED428144F860}.Release|x64.Build.0 = Release|x64
		{47D8CAF0-6FD1-4103-9ACB-ED428144F860}.Release|x86.ActiveCfg = Release|Win32
		{47D8CAF0-6FD1-4103-9ACB-ED428144F860}.Release|x86.Build.0 = Release|Win32
		{F4E85B2A-4EA5-4E89-AA6F-0EB055C2F075}.Debug|x64.ActiveCfg = Debug|x64
		{F4E85B2A-4EA5-4E89-AA6F-0EB055C2F075}.Debug|x64.Build.0 = Debug|x64
		{F4E85B2A-4EA5-4E89-AA6F-0EB055C2F075}.Debug|x86.ActiveCfg = Debug|Win32
		{F4E85B2A-4EA5-4E89-AA6F-0EB055C2F075}.Debug|x86.Build.0 = Debug|Win32
		{F4E85B2A-4EA5-4E89-AA6F-0EB055C2F075}.Release|x64.ActiveCfg = Release|x64
		{F4E85B2A-4EA5-4E89-AA6F-0EB055C2F075}.Release|x64.Build.0 = Release|x64
		{F4E85B2A-4EA5-4E89-AA6F-0EB055C2F075}.Release|x86.ActiveCfg = Release|Win32
		{F4E85B2A-4EA5-4E89-AA6F-0EB055C2F075}.Release|x86.Build.0 = Release|Win32
		{662BB690-E34C-47B5-A79B-165947E21D23}.Debug|x64.ActiveCfg = Debug|x64
		{662BB690-E34C-47B5-A79B-165947E21D23}.Debug|x64.Build.0 = Debug|x64
		{662BB690-E34C-47B5-A79B-165947E21D23}.Debug|x86.ActiveCfg = Debug|Win32
		{662BB690-E34C-47B5-A79B-165947E21D23}.Debug|x86.Build.0 = Debug|Win32
		{662BB690-E34C-47B5-A79B-165947E21D23}.Release|x64.ActiveCfg = Release|x64
		{662BB690-E34C-47B5-A79B-165947E21D23}.Release|x64.Build.0 = Release|x64
		{662BB690-E34C-47B5-A79B-165947E21D23}.Release|x86.ActiveCfg = Release|Win32
		{662BB690-E34C-47B5-A79B-165947E21D23}.Release|x86.Build.0 = Release|Win32
		{33CB5BBA-26C3-4392-B8E9-07A23855C6A6}.Debug|x64.ActiveCfg = Debug|x64
		{33CB5BBA-26C3-4392-B8E9-07A23855C6A6}.Debug|x64.Build.0 = Debug|x64
		{33CB5BBA-26C3-4392-B8E9-07A23855C6A6}.Debug|x86.ActiveCfg = Debug|Win32
		{33CB5BBA-26C3-4392-B8E9-07A23855C6A6}.Debug|x86.Build.0 = Debug|Win32
		{33CB5BBA-26C3-4392-B8E9-07A23855C6A6}.Release|x64.ActiveCfg = Release|x64
		{33CB5BBA-26C3-4392-B8E9-07A23855C6A6}.Release|x64.Build.0 = Release|x64
		{33CB5BBA-26C3-4392-B8E9-07A23855C6A6}.Release|x86.ActiveCfg = Release|Win32
		{33CB5BBA-26C3-4392-B8E9-07A23855C6A6}.Release|x86.Build.0 = Release|Win32
		{ED394017-FCC0-44C4-B280-34F41441764C}.Debug|x64.ActiveCfg = Debug|x64
		{ED394017-FCC0-44C4-B280-34F41441764C}.Debug|x64.Build.0 = Debug|x64
		{ED394017-FCC0-44C4-B280-34F41441764C}.Debug|x86.ActiveCfg = Debug|Win32
		{ED394017-FCC0-44C4-B280-34F41441764C}.Debug|x86.Build.0 = Debug|Win32
		{ED394017-FCC0-44C4-B280-34F41441764C}.Release|x64.ActiveCfg = Release|x64
		{ED394017-FCC0-44C4-B280-34F41441764C}.Release|x64.Build.0 = Release|x64
		{ED394017-FCC0-44C4-B280-34F41441764C}.Release|x86.ActiveCfg = Release|Win32
		{ED394017-FCC0-44C4-B280-34F41441764C}.Release|x86.Build.0 = Release|Win32
		{9A2D6EE0-742E-4CDC-88CB-4033A089787A}.Debug|x64.ActiveCfg = Debug|x64
		{9A2D6EE0-742E-4CDC-88CB-4033A089787A}.Debug|x64.Build.0 = Debug|x64
		{9A2D6EE0-742E-4CDC-88CB-4033A089787A}.Debug|x86.ActiveCfg = Debug|Win32
		{9A2D6EE0-742E-4CDC-88CB-4033A089787A}.Debug|x86.Build.0 = Debug|Win32
		{9A2D6EE0-742E-4CDC-88CB-4033A089787A}.Release|x64.ActiveCfg = Release|x64
		{9A2D6EE0-742E-4CDC-88CB-4033A089787A}.Release|x64.Build.0 = Release|x64
		{9A2D6EE0-742E-4CDC-88CB-4033A089787A}.Release|x86.ActiveCfg = Release|Win32
		{9A2D6EE0-742E-4CDC-88CB-4033A089787A}.Release|x86.Build.0 = Release|Win32
		{00EA3991-2E8A-44B8-8D93-0852BC56C7CB}.Debug|x64.ActiveCfg = Debug|x64
		{00EA3991-2E8A-44B8-8D93-0852BC56C7CB}.Debug|x64.Build.0 = Debug|x64
		{00EA3991-2E8A-44B8-8D93-0852BC56C7CB}.Debug|x86.ActiveCfg = Debug|Win32
		{00EA3991-2E8A-44B8-8D93-0852BC56C7CB}.Debug|x86.Build.0 = Debug|Win32
		{00EA3991-2E8A-44B8-8D93-0852BC56C7CB}.Release|x64.ActiveCfg = Release|x64
		{00EA3991-2E8A-44B8-8D93-0852BC56C7CB}.Release|x64.Build.0 = Release|x64
		{00EA3991-2E8A-44B8-8D93-0852BC56C7CB}.Release|x86.ActiveCfg = Release|Win32
		{00EA3991-2E8A-44B8-8D93-0852BC56C7CB}.Release|x86.Build.0 = Release|Win32
		{A8C10C57-B05D-44E2-8D2F-17CF7B8449BB}.Debug|x64.ActiveCfg = Debug|x64
		{A8C10C57-B05D-44E2-8D2F-17CF7B8449BB}.Debug|x64.Build.0 = Debug|x64
		{A8C10C57-B05D-44E2-8D2F-17CF7B8449BB}.Debug|x86.ActiveCfg = Debug|Win32
		{A8C10C57-B05D-44E2-8D2F-17CF7B8449BB}.Debug|x86.Build.0 = Debug|Win32
		{A8C10C57-B05D-44E2-8D2F-17CF7B8449BB}.Release|x64.ActiveCfg = Release|x64
		{A8C10C57-B05D-44E2-8D2F-17CF7B8449BB}.Release|x64.Build.0 = Release|x64
		{A8C10C57-B05D-44E2-8D2F-17CF7B8449BB}.Release|x86.ActiveCfg = Release|Win32
		{A8C10C57-B05D-44E2-8D2F-17CF7B8449BB}.Release|x86.Build.0 = Release|Win32
		{7A20E9F6-69AD-4977-85F4-45DC9D3F4B3B}.Debug|x64.ActiveCfg = Debug|x64
		{7A20E9F6-69AD-4977-85F4-45DC9D3F4B3B}.Debug|x64.Build.0 = Debug|x64
		{7A20E9F6-69AD-4977-85F4-45DC9D3F4B3B}.Debug|x86.ActiveCfg = Debug|Win32
		{7A20E9F6-69AD-4977-85F4-45DC9D3F4B3B}.Debug|x86.Build.0 = Debug|Win32
		{7A20E9F6-69AD-4977-85F4-45DC9D3F4B3B}.Release|x64.ActiveCfg = Release|x64
		{7A20E9F6-69AD-4977-85F4-45DC9D3F4B3B}.Release|x64.Build.0 = Release|x64
		{7A20E9F6-69AD-4977-85F4-45DC9D3F4B3B}.Release|x86.ActiveCfg = Release|Win32
		{7A20E9F6-69AD-4977-85F4-45DC9D3F4B3B}.Release|x86.Build.0 = Release|Win32
		{16559302-47FF-46FC-846D-6D1093CB7B2D}.Debug|x64.ActiveCfg = Debug|x64
		{16559302-47FF-46FC-846D-6D1093CB7B2D}.Debug|x64.Build.0 = Debug|x64
		{16559302-47FF-46FC-846D-6D1093CB7B2D}.Debug|x86.ActiveCfg = Debug|Win32
		{16559302-47FF-46FC-846D-6D1093CB7B2D}.Debug|x86.Build.0 = Debug|Win32
		{16559302-47FF-46FC-846D-6D1093CB7B2D}.Release|x64.ActiveCfg = Release|x64
		{16559302-47FF-46FC-846D-6D1093CB7B2D}.Release|x64.Build.0 = Release|x64
		{16559302-47FF-46FC-846D-6D1093CB7B2D}.Release|x86.ActiveCfg = Release|Win32
		{16559302-47FF-46FC-846D-6D1093CB7B2D}.Release|x86.Build.0 = Release|Win32
		{5C786CB5-83A9-4BB1-9DA1-EB21897B218A}.Debug|x64.ActiveCfg = Debug|x64
		{5C786CB5-83A9-4BB1-9DA1-EB21897B218A}.Debug|x64.Build.0 = Debug|x64
		{5C786CB5-83A9-4BB1-9DA1-EB21897B218A}.Debug|x86.ActiveCfg = Debug|Win32
		{5C786CB5-83A9-4BB1-9DA1-EB21897B218A}.Debug|x86.Build.0 = Debug|Win32
		{5C786CB5-83A9-4BB1-9DA1-EB21897B218A}.Release|x64.ActiveCfg = Release|x64
		{5C786CB5-83A9-4BB1-9DA1-EB21897B218A}.Release|x64.Build.0 = Release|x64
		{5C786CB5-83A9-4BB1-9DA1-EB21897B218A}.Release|x86.ActiveCfg = Release|Win32
		{5C786CB5-83A9-4BB1-9DA1-EB21897B218A}.Release|x86.Build.0 = Release|Win32
		{62F48A2B-B2FA-461D-B31E-E18C3C3CA39E}.Debug|x64.ActiveCfg = Debug|x64
		{62F48A2B-B2FA-461D-B31E-E18C3C3CA39E}.Debug|x64.Build.0 = Debug|x64
		{62F48A2B-B2FA-461D-B31E-E18C3C3CA39E}.Debug|x86.ActiveCfg = Debug|Win32
		{62F48A2B-B2FA-461D-B31E-E18C3C3CA39E}.Debug|x86.Build.0 = Debug|Win32
		{62F48A2B-B2FA-461D-B31E-E18C3C3CA39E}.Release|x64.ActiveCfg = Release|x64
		{62F48A2B-B2FA-461D-B31E-E18C3C3CA39E}.Release|x64.Build.0 = Release|x64
		{62F48A2B-B2FA-461D-B31E-E18C3C3CA39E}.Release|x86.ActiveCfg = Release|Win32
		{62F48A2B-B2FA-461D-B31E-E18C3C3CA39E}.Release|x86.Build.0 = Release|Win32
	EndGlobalSection
	GlobalSection(SolutionProperties) = preSolution
		HideSolutionNode = FALSE
	EndGlobalSection
	GlobalSection(ExtensibilityGlobals) = postSolution
		SolutionGuid = {94E31A1E-461D-4654-8A07-543EDADCD66D}
	EndGlobalSection
EndGlobal
